PODS:
  - Alamofire (3.4.0)
  - GPUImage (0.1.7)
  - HanekeSwift (0.10.1)
  - Kingfisher (2.4.0)
  - Proposer (0.8.0)
  - Regift (1.2.0)
  - SwiftyJSON (2.3.2)
  - UIImageViewAlignedSwift (0.1.11)

DEPENDENCIES:
  - Alamofire (~> 3.0)
  - GPUImage
  - HanekeSwift
  - Kingfisher (~> 2.1)
  - Proposer (~> 0.8.0)
  - Regift
  - SwiftyJSON (~> 2.3.2)
  - UIImageViewAlignedSwift (~> 0.1.11)

SPEC CHECKSUMS:
  Alamofire: c19a627cefd6a95f840401c49ab1f124e07f54ee
  GPUImage: 733a5f0fab92df9de1c37ba9df520a833ccb406d
  HanekeSwift: 08e47d3d0f2899ec58e5d257beba0de619aca9e8
  Kingfisher: 9171a424ee7f8031f518f649bb850d1eab541247
  Proposer: 17cd7fd2509b0d8d7c9e33815d648087c7dcaa81
  Regift: c9ac13d922047c39e385d2c19be338461a259fd6
  SwiftyJSON: 04ccea08915aa0109039157c7974cf0298da292a
  UIImageViewAlignedSwift: 3f2739bb8d5cda0ce0b45630efd3e94dae3bbc28

COCOAPODS: 0.39.0
